
Microsoft Visual Studio Solution File, Format Version 12.00
# Visual Studio Version 17
VisualStudioVersion = 17.13.35919.96
MinimumVisualStudioVersion = 10.0.40219.1
Project("{8BC9CEB8-8B4A-11D0-8D11-00A0C91BC942}") = "Class1-01th (Compile)", "..\Class1th (Compile)\Class1th (Compile).vcxproj", "{D2EB7842-C386-4319-BFD5-4EFC28786BCE}"
EndProject
Project("{8BC9CEB8-8B4A-11D0-8D11-00A0C91BC942}") = "Class1-02th (Variable & Constant)", "..\Class2th (Variable & Constant)\Class2th (Variable & Constant).vcxproj", "{53B654E9-3312-4B5F-AD32-B11F1BA6139D}"
EndProject
Project("{8BC9CEB8-8B4A-11D0-8D11-00A0C91BC942}") = "Program_1", "Program_1\Program_1.vcxproj", "{C4D55677-CD32-4DA6-9848-632413B23EEC}"
EndProject
Project("{8BC9CEB8-8B4A-11D0-8D11-00A0C91BC942}") = "Class1-03th (Bit)", "Class3th (Bit)\Class3th (Bit).vcxproj", "{5B7E8724-9F32-4E53-8556-29186E62F7CD}"
EndProject
Project("{8BC9CEB8-8B4A-11D0-8D11-00A0C91BC942}") = "Class1-04th (Overflow & Underflow)", "Class4th (Overflow & Underflow)\Class4th (Overflow & Underflow).vcxproj", "{12BF5F3D-DB56-4F8D-B5B2-4023BB2889C9}"
EndProject
Project("{8BC9CEB8-8B4A-11D0-8D11-00A0C91BC942}") = "Class1-05th (Conditional Statement)", "Class5th (Conditional Statement)\Class5th (Conditional Statement).vcxproj", "{86799AC5-5284-4D03-8D3C-75416B97DA18}"
EndProject
Project("{8BC9CEB8-8B4A-11D0-8D11-00A0C91BC942}") = "Class1-06th (Iteration Statement)", "Class6th (Iteration Statement)\Class6th (Iteration Statement).vcxproj", "{0AAAB4E1-F0AA-471C-B35B-532E2D7EA69E}"
EndProject
Project("{8BC9CEB8-8B4A-11D0-8D11-00A0C91BC942}") = "Class1-07th (Type Conversion)", "Class7th (Type Conversion)\Class7th (Type Conversion).vcxproj", "{CD7800B3-6E39-4279-9FA6-DB445004FDB6}"
EndProject
Project("{8BC9CEB8-8B4A-11D0-8D11-00A0C91BC942}") = "Class1-08th (Pointer)", "Class8th (Pointer)\Class8th (Pointer).vcxproj", "{2CBFC942-0A26-485D-B4FA-891E6B49347C}"
EndProject
Project("{8BC9CEB8-8B4A-11D0-8D11-00A0C91BC942}") = "Class1-09th (Array)", "Class9th (Array)\Class9th (Array).vcxproj", "{F0A174B7-B5ED-41BB-B688-1FDABACF5B5D}"
EndProject
Project("{8BC9CEB8-8B4A-11D0-8D11-00A0C91BC942}") = "Class1-10th (Function)", "Class10th (Function)\Class10th (Function).vcxproj", "{BD6729B5-CA72-44DF-82A7-644CBD0E3B42}"
EndProject
Project("{8BC9CEB8-8B4A-11D0-8D11-00A0C91BC942}") = "Class1-11th (storage)", "Class11th (storage)\Class11th (storage).vcxproj", "{6701907F-8C12-4A8B-923B-D58ABBBCE807}"
EndProject
Project("{8BC9CEB8-8B4A-11D0-8D11-00A0C91BC942}") = "Class1-12th (Dynamic Allocation)", "Class12th (Dynamic Allocation)\Class12th (Dynamic Allocation).vcxproj", "{1DD1EFF2-06C0-4610-AAFF-62AC2850EF1E}"
EndProject
Project("{8BC9CEB8-8B4A-11D0-8D11-00A0C91BC942}") = "Class1-13th (Struct)", "Class13th (Struct)\Class13th (Struct).vcxproj", "{98499495-2C27-463F-901F-18A1DB0F2B4B}"
EndProject
Project("{8BC9CEB8-8B4A-11D0-8D11-00A0C91BC942}") = "Class2-01th (Input System)", "Class1th (input System)\Class1th (input System).vcxproj", "{5A948EFF-AA12-40CD-A9AD-90925CC72539}"
EndProject
Project("{8BC9CEB8-8B4A-11D0-8D11-00A0C91BC942}") = "Class2-02th (Time)", "Class 2th (time)\Class 2th (time).vcxproj", "{9D628455-D3B3-4918-8C4F-28422E216F54}"
EndProject
Global
	GlobalSection(SolutionConfigurationPlatforms) = preSolution
		Debug|x64 = Debug|x64
		Debug|x86 = Debug|x86
		Release|x64 = Release|x64
		Release|x86 = Release|x86
	EndGlobalSection
	GlobalSection(ProjectConfigurationPlatforms) = postSolution
		{D2EB7842-C386-4319-BFD5-4EFC28786BCE}.Debug|x64.ActiveCfg = Debug|x64
		{D2EB7842-C386-4319-BFD5-4EFC28786BCE}.Debug|x64.Build.0 = Debug|x64
		{D2EB7842-C386-4319-BFD5-4EFC28786BCE}.Debug|x86.ActiveCfg = Debug|Win32
		{D2EB7842-C386-4319-BFD5-4EFC28786BCE}.Debug|x86.Build.0 = Debug|Win32
		{D2EB7842-C386-4319-BFD5-4EFC28786BCE}.Release|x64.ActiveCfg = Release|x64
		{D2EB7842-C386-4319-BFD5-4EFC28786BCE}.Release|x64.Build.0 = Release|x64
		{D2EB7842-C386-4319-BFD5-4EFC28786BCE}.Release|x86.ActiveCfg = Release|Win32
		{D2EB7842-C386-4319-BFD5-4EFC28786BCE}.Release|x86.Build.0 = Release|Win32
		{53B654E9-3312-4B5F-AD32-B11F1BA6139D}.Debug|x64.ActiveCfg = Debug|x64
		{53B654E9-3312-4B5F-AD32-B11F1BA6139D}.Debug|x64.Build.0 = Debug|x64
		{53B654E9-3312-4B5F-AD32-B11F1BA6139D}.Debug|x86.ActiveCfg = Debug|Win32
		{53B654E9-3312-4B5F-AD32-B11F1BA6139D}.Debug|x86.Build.0 = Debug|Win32
		{53B654E9-3312-4B5F-AD32-B11F1BA6139D}.Release|x64.ActiveCfg = Release|x64
		{53B654E9-3312-4B5F-AD32-B11F1BA6139D}.Release|x64.Build.0 = Release|x64
		{53B654E9-3312-4B5F-AD32-B11F1BA6139D}.Release|x86.ActiveCfg = Release|Win32
		{53B654E9-3312-4B5F-AD32-B11F1BA6139D}.Release|x86.Build.0 = Release|Win32
		{C4D55677-CD32-4DA6-9848-632413B23EEC}.Debug|x64.ActiveCfg = Debug|x64
		{C4D55677-CD32-4DA6-9848-632413B23EEC}.Debug|x64.Build.0 = Debug|x64
		{C4D55677-CD32-4DA6-9848-632413B23EEC}.Debug|x86.ActiveCfg = Debug|Win32
		{C4D55677-CD32-4DA6-9848-632413B23EEC}.Debug|x86.Build.0 = Debug|Win32
		{C4D55677-CD32-4DA6-9848-632413B23EEC}.Release|x64.ActiveCfg = Release|x64
		{C4D55677-CD32-4DA6-9848-632413B23EEC}.Release|x64.Build.0 = Release|x64
		{C4D55677-CD32-4DA6-9848-632413B23EEC}.Release|x86.ActiveCfg = Release|Win32
		{C4D55677-CD32-4DA6-9848-632413B23EEC}.Release|x86.Build.0 = Release|Win32
		{5B7E8724-9F32-4E53-8556-29186E62F7CD}.Debug|x64.ActiveCfg = Debug|x64
		{5B7E8724-9F32-4E53-8556-29186E62F7CD}.Debug|x64.Build.0 = Debug|x64
		{5B7E8724-9F32-4E53-8556-29186E62F7CD}.Debug|x86.ActiveCfg = Debug|Win32
		{5B7E8724-9F32-4E53-8556-29186E62F7CD}.Debug|x86.Build.0 = Debug|Win32
		{5B7E8724-9F32-4E53-8556-29186E62F7CD}.Release|x64.ActiveCfg = Release|x64
		{5B7E8724-9F32-4E53-8556-29186E62F7CD}.Release|x64.Build.0 = Release|x64
		{5B7E8724-9F32-4E53-8556-29186E62F7CD}.Release|x86.ActiveCfg = Release|Win32
		{5B7E8724-9F32-4E53-8556-29186E62F7CD}.Release|x86.Build.0 = Release|Win32
		{12BF5F3D-DB56-4F8D-B5B2-4023BB2889C9}.Debug|x64.ActiveCfg = Debug|x64
		{12BF5F3D-DB56-4F8D-B5B2-4023BB2889C9}.Debug|x64.Build.0 = Debug|x64
		{12BF5F3D-DB56-4F8D-B5B2-4023BB2889C9}.Debug|x86.ActiveCfg = Debug|Win32
		{12BF5F3D-DB56-4F8D-B5B2-4023BB2889C9}.Debug|x86.Build.0 = Debug|Win32
		{12BF5F3D-DB56-4F8D-B5B2-4023BB2889C9}.Release|x64.ActiveCfg = Release|x64
		{12BF5F3D-DB56-4F8D-B5B2-4023BB2889C9}.Release|x64.Build.0 = Release|x64
		{12BF5F3D-DB56-4F8D-B5B2-4023BB2889C9}.Release|x86.ActiveCfg = Release|Win32
		{12BF5F3D-DB56-4F8D-B5B2-4023BB2889C9}.Release|x86.Build.0 = Release|Win32
		{86799AC5-5284-4D03-8D3C-75416B97DA18}.Debug|x64.ActiveCfg = Debug|x64
		{86799AC5-5284-4D03-8D3C-75416B97DA18}.Debug|x64.Build.0 = Debug|x64
		{86799AC5-5284-4D03-8D3C-75416B97DA18}.Debug|x86.ActiveCfg = Debug|Win32
		{86799AC5-5284-4D03-8D3C-75416B97DA18}.Debug|x86.Build.0 = Debug|Win32
		{86799AC5-5284-4D03-8D3C-75416B97DA18}.Release|x64.ActiveCfg = Release|x64
		{86799AC5-5284-4D03-8D3C-75416B97DA18}.Release|x64.Build.0 = Release|x64
		{86799AC5-5284-4D03-8D3C-75416B97DA18}.Release|x86.ActiveCfg = Release|Win32
		{86799AC5-5284-4D03-8D3C-75416B97DA18}.Release|x86.Build.0 = Release|Win32
		{0AAAB4E1-F0AA-471C-B35B-532E2D7EA69E}.Debug|x64.ActiveCfg = Debug|x64
		{0AAAB4E1-F0AA-471C-B35B-532E2D7EA69E}.Debug|x64.Build.0 = Debug|x64
		{0AAAB4E1-F0AA-471C-B35B-532E2D7EA69E}.Debug|x86.ActiveCfg = Debug|Win32
		{0AAAB4E1-F0AA-471C-B35B-532E2D7EA69E}.Debug|x86.Build.0 = Debug|Win32
		{0AAAB4E1-F0AA-471C-B35B-532E2D7EA69E}.Release|x64.ActiveCfg = Release|x64
		{0AAAB4E1-F0AA-471C-B35B-532E2D7EA69E}.Release|x64.Build.0 = Release|x64
		{0AAAB4E1-F0AA-471C-B35B-532E2D7EA69E}.Release|x86.ActiveCfg = Release|Win32
		{0AAAB4E1-F0AA-471C-B35B-532E2D7EA69E}.Release|x86.Build.0 = Release|Win32
		{CD7800B3-6E39-4279-9FA6-DB445004FDB6}.Debug|x64.ActiveCfg = Debug|x64
		{CD7800B3-6E39-4279-9FA6-DB445004FDB6}.Debug|x64.Build.0 = Debug|x64
		{CD7800B3-6E39-4279-9FA6-DB445004FDB6}.Debug|x86.ActiveCfg = Debug|Win32
		{CD7800B3-6E39-4279-9FA6-DB445004FDB6}.Debug|x86.Build.0 = Debug|Win32
		{CD7800B3-6E39-4279-9FA6-DB445004FDB6}.Release|x64.ActiveCfg = Release|x64
		{CD7800B3-6E39-4279-9FA6-DB445004FDB6}.Release|x64.Build.0 = Release|x64
		{CD7800B3-6E39-4279-9FA6-DB445004FDB6}.Release|x86.ActiveCfg = Release|Win32
		{CD7800B3-6E39-4279-9FA6-DB445004FDB6}.Release|x86.Build.0 = Release|Win32
		{2CBFC942-0A26-485D-B4FA-891E6B49347C}.Debug|x64.ActiveCfg = Debug|x64
		{2CBFC942-0A26-485D-B4FA-891E6B49347C}.Debug|x64.Build.0 = Debug|x64
		{2CBFC942-0A26-485D-B4FA-891E6B49347C}.Debug|x86.ActiveCfg = Debug|Win32
		{2CBFC942-0A26-485D-B4FA-891E6B49347C}.Debug|x86.Build.0 = Debug|Win32
		{2CBFC942-0A26-485D-B4FA-891E6B49347C}.Release|x64.ActiveCfg = Release|x64
		{2CBFC942-0A26-485D-B4FA-891E6B49347C}.Release|x64.Build.0 = Release|x64
		{2CBFC942-0A26-485D-B4FA-891E6B49347C}.Release|x86.ActiveCfg = Release|Win32
		{2CBFC942-0A26-485D-B4FA-891E6B49347C}.Release|x86.Build.0 = Release|Win32
		{F0A174B7-B5ED-41BB-B688-1FDABACF5B5D}.Debug|x64.ActiveCfg = Debug|x64
		{F0A174B7-B5ED-41BB-B688-1FDABACF5B5D}.Debug|x64.Build.0 = Debug|x64
		{F0A174B7-B5ED-41BB-B688-1FDABACF5B5D}.Debug|x86.ActiveCfg = Debug|Win32
		{F0A174B7-B5ED-41BB-B688-1FDABACF5B5D}.Debug|x86.Build.0 = Debug|Win32
		{F0A174B7-B5ED-41BB-B688-1FDABACF5B5D}.Release|x64.ActiveCfg = Release|x64
		{F0A174B7-B5ED-41BB-B688-1FDABACF5B5D}.Release|x64.Build.0 = Release|x64
		{F0A174B7-B5ED-41BB-B688-1FDABACF5B5D}.Release|x86.ActiveCfg = Release|Win32
		{F0A174B7-B5ED-41BB-B688-1FDABACF5B5D}.Release|x86.Build.0 = Release|Win32
		{BD6729B5-CA72-44DF-82A7-644CBD0E3B42}.Debug|x64.ActiveCfg = Debug|x64
		{BD6729B5-CA72-44DF-82A7-644CBD0E3B42}.Debug|x64.Build.0 = Debug|x64
		{BD6729B5-CA72-44DF-82A7-644CBD0E3B42}.Debug|x86.ActiveCfg = Debug|Win32
		{BD6729B5-CA72-44DF-82A7-644CBD0E3B42}.Debug|x86.Build.0 = Debug|Win32
		{BD6729B5-CA72-44DF-82A7-644CBD0E3B42}.Release|x64.ActiveCfg = Release|x64
		{BD6729B5-CA72-44DF-82A7-644CBD0E3B42}.Release|x64.Build.0 = Release|x64
		{BD6729B5-CA72-44DF-82A7-644CBD0E3B42}.Release|x86.ActiveCfg = Release|Win32
		{BD6729B5-CA72-44DF-82A7-644CBD0E3B42}.Release|x86.Build.0 = Release|Win32
		{6701907F-8C12-4A8B-923B-D58ABBBCE807}.Debug|x64.ActiveCfg = Debug|x64
		{6701907F-8C12-4A8B-923B-D58ABBBCE807}.Debug|x64.Build.0 = Debug|x64
		{6701907F-8C12-4A8B-923B-D58ABBBCE807}.Debug|x86.ActiveCfg = Debug|Win32
		{6701907F-8C12-4A8B-923B-D58ABBBCE807}.Debug|x86.Build.0 = Debug|Win32
		{6701907F-8C12-4A8B-923B-D58ABBBCE807}.Release|x64.ActiveCfg = Release|x64
		{6701907F-8C12-4A8B-923B-D58ABBBCE807}.Release|x64.Build.0 = Release|x64
		{6701907F-8C12-4A8B-923B-D58ABBBCE807}.Release|x86.ActiveCfg = Release|Win32
		{6701907F-8C12-4A8B-923B-D58ABBBCE807}.Release|x86.Build.0 = Release|Win32
		{1DD1EFF2-06C0-4610-AAFF-62AC2850EF1E}.Debug|x64.ActiveCfg = Debug|x64
		{1DD1EFF2-06C0-4610-AAFF-62AC2850EF1E}.Debug|x64.Build.0 = Debug|x64
		{1DD1EFF2-06C0-4610-AAFF-62AC2850EF1E}.Debug|x86.ActiveCfg = Debug|Win32
		{1DD1EFF2-06C0-4610-AAFF-62AC2850EF1E}.Debug|x86.Build.0 = Debug|Win32
		{1DD1EFF2-06C0-4610-AAFF-62AC2850EF1E}.Release|x64.ActiveCfg = Release|x64
		{1DD1EFF2-06C0-4610-AAFF-62AC2850EF1E}.Release|x64.Build.0 = Release|x64
		{1DD1EFF2-06C0-4610-AAFF-62AC2850EF1E}.Release|x86.ActiveCfg = Release|Win32
		{1DD1EFF2-06C0-4610-AAFF-62AC2850EF1E}.Release|x86.Build.0 = Release|Win32
		{98499495-2C27-463F-901F-18A1DB0F2B4B}.Debug|x64.ActiveCfg = Debug|x64
		{98499495-2C27-463F-901F-18A1DB0F2B4B}.Debug|x64.Build.0 = Debug|x64
		{98499495-2C27-463F-901F-18A1DB0F2B4B}.Debug|x86.ActiveCfg = Debug|Win32
		{98499495-2C27-463F-901F-18A1DB0F2B4B}.Debug|x86.Build.0 = Debug|Win32
		{98499495-2C27-463F-901F-18A1DB0F2B4B}.Release|x64.ActiveCfg = Release|x64
		{98499495-2C27-463F-901F-18A1DB0F2B4B}.Release|x64.Build.0 = Release|x64
		{98499495-2C27-463F-901F-18A1DB0F2B4B}.Release|x86.ActiveCfg = Release|Win32
		{98499495-2C27-463F-901F-18A1DB0F2B4B}.Release|x86.Build.0 = Release|Win32
		{5A948EFF-AA12-40CD-A9AD-90925CC72539}.Debug|x64.ActiveCfg = Debug|x64
		{5A948EFF-AA12-40CD-A9AD-90925CC72539}.Debug|x64.Build.0 = Debug|x64
		{5A948EFF-AA12-40CD-A9AD-90925CC72539}.Debug|x86.ActiveCfg = Debug|Win32
		{5A948EFF-AA12-40CD-A9AD-90925CC72539}.Debug|x86.Build.0 = Debug|Win32
		{5A948EFF-AA12-40CD-A9AD-90925CC72539}.Release|x64.ActiveCfg = Release|x64
		{5A948EFF-AA12-40CD-A9AD-90925CC72539}.Release|x64.Build.0 = Release|x64
		{5A948EFF-AA12-40CD-A9AD-90925CC72539}.Release|x86.ActiveCfg = Release|Win32
		{5A948EFF-AA12-40CD-A9AD-90925CC72539}.Release|x86.Build.0 = Release|Win32
		{9D628455-D3B3-4918-8C4F-28422E216F54}.Debug|x64.ActiveCfg = Debug|x64
		{9D628455-D3B3-4918-8C4F-28422E216F54}.Debug|x64.Build.0 = Debug|x64
		{9D628455-D3B3-4918-8C4F-28422E216F54}.Debug|x86.ActiveCfg = Debug|Win32
		{9D628455-D3B3-4918-8C4F-28422E216F54}.Debug|x86.Build.0 = Debug|Win32
		{9D628455-D3B3-4918-8C4F-28422E216F54}.Release|x64.ActiveCfg = Release|x64
		{9D628455-D3B3-4918-8C4F-28422E216F54}.Release|x64.Build.0 = Release|x64
		{9D628455-D3B3-4918-8C4F-28422E216F54}.Release|x86.ActiveCfg = Release|Win32
		{9D628455-D3B3-4918-8C4F-28422E216F54}.Release|x86.Build.0 = Release|Win32
	EndGlobalSection
	GlobalSection(SolutionProperties) = preSolution
		HideSolutionNode = FALSE
	EndGlobalSection
	GlobalSection(ExtensibilityGlobals) = postSolution
		SolutionGuid = {953E05E6-0697-431A-ABA9-674177FBC353}
	EndGlobalSection
EndGlobal
