
Microsoft Visual Studio Solution File, Format Version 12.00
# Visual Studio Version 17
VisualStudioVersion = 17.13.35919.96
MinimumVisualStudioVersion = 10.0.40219.1
Project("{8BC9CEB8-8B4A-11D0-8D11-00A0C91BC942}") = "Class1th (Compile)", "..\Class1th (Compile)\Class1th (Compile).vcxproj", "{D2EB7842-C386-4319-BFD5-4EFC28786BCE}"
EndProject
Project("{8BC9CEB8-8B4A-11D0-8D11-00A0C91BC942}") = "Class2th (Variable & Constant)", "..\Class2th (Variable & Constant)\Class2th (Variable & Constant).vcxproj", "{53B654E9-3312-4B5F-AD32-B11F1BA6139D}"
EndProject
Project("{8BC9CEB8-8B4A-11D0-8D11-00A0C91BC942}") = "Program", "..\Program\Program.vcxproj", "{00261925-4988-47F5-8F3E-BDD699A8AF19}"
EndProject
Global
	GlobalSection(SolutionConfigurationPlatforms) = preSolution
		Debug|x64 = Debug|x64
		Debug|x86 = Debug|x86
		Release|x64 = Release|x64
		Release|x86 = Release|x86
	EndGlobalSection
	GlobalSection(ProjectConfigurationPlatforms) = postSolution
		{D2EB7842-C386-4319-BFD5-4EFC28786BCE}.Debug|x64.ActiveCfg = Debug|x64
		{D2EB7842-C386-4319-BFD5-4EFC28786BCE}.Debug|x64.Build.0 = Debug|x64
		{D2EB7842-C386-4319-BFD5-4EFC28786BCE}.Debug|x86.ActiveCfg = Debug|Win32
		{D2EB7842-C386-4319-BFD5-4EFC28786BCE}.Debug|x86.Build.0 = Debug|Win32
		{D2EB7842-C386-4319-BFD5-4EFC28786BCE}.Release|x64.ActiveCfg = Release|x64
		{D2EB7842-C386-4319-BFD5-4EFC28786BCE}.Release|x64.Build.0 = Release|x64
		{D2EB7842-C386-4319-BFD5-4EFC28786BCE}.Release|x86.ActiveCfg = Release|Win32
		{D2EB7842-C386-4319-BFD5-4EFC28786BCE}.Release|x86.Build.0 = Release|Win32
		{53B654E9-3312-4B5F-AD32-B11F1BA6139D}.Debug|x64.ActiveCfg = Debug|x64
		{53B654E9-3312-4B5F-AD32-B11F1BA6139D}.Debug|x64.Build.0 = Debug|x64
		{53B654E9-3312-4B5F-AD32-B11F1BA6139D}.Debug|x86.ActiveCfg = Debug|Win32
		{53B654E9-3312-4B5F-AD32-B11F1BA6139D}.Debug|x86.Build.0 = Debug|Win32
		{53B654E9-3312-4B5F-AD32-B11F1BA6139D}.Release|x64.ActiveCfg = Release|x64
		{53B654E9-3312-4B5F-AD32-B11F1BA6139D}.Release|x64.Build.0 = Release|x64
		{53B654E9-3312-4B5F-AD32-B11F1BA6139D}.Release|x86.ActiveCfg = Release|Win32
		{53B654E9-3312-4B5F-AD32-B11F1BA6139D}.Release|x86.Build.0 = Release|Win32
		{00261925-4988-47F5-8F3E-BDD699A8AF19}.Debug|x64.ActiveCfg = Debug|x64
		{00261925-4988-47F5-8F3E-BDD699A8AF19}.Debug|x64.Build.0 = Debug|x64
		{00261925-4988-47F5-8F3E-BDD699A8AF19}.Debug|x86.ActiveCfg = Debug|Win32
		{00261925-4988-47F5-8F3E-BDD699A8AF19}.Debug|x86.Build.0 = Debug|Win32
		{00261925-4988-47F5-8F3E-BDD699A8AF19}.Release|x64.ActiveCfg = Release|x64
		{00261925-4988-47F5-8F3E-BDD699A8AF19}.Release|x64.Build.0 = Release|x64
		{00261925-4988-47F5-8F3E-BDD699A8AF19}.Release|x86.ActiveCfg = Release|Win32
		{00261925-4988-47F5-8F3E-BDD699A8AF19}.Release|x86.Build.0 = Release|Win32
	EndGlobalSection
	GlobalSection(SolutionProperties) = preSolution
		HideSolutionNode = FALSE
	EndGlobalSection
	GlobalSection(ExtensibilityGlobals) = postSolution
		SolutionGuid = {953E05E6-0697-431A-ABA9-674177FBC353}
	EndGlobalSection
EndGlobal
